{
  "nodes": {
    "incline-nvim": {
      "flake": false,
      "locked": {
        "lastModified": 1740099496,
        "narHash": "sha256-EeNvFa+Zrqgnp3Wtcwi4EdOgtnlZf9a68xPcYrH545k=",
        "owner": "b0o",
        "repo": "incline.nvim",
        "rev": "0eb5b7f6fc6636a4e7b2eb2800b7650fd6d164a2",
        "type": "github"
      },
      "original": {
        "owner": "b0o",
        "repo": "incline.nvim",
        "type": "github"
      }
    },
    "nixCats": {
      "locked": {
        "lastModified": 1740837766,
        "narHash": "sha256-LKeBL3gjm+Fg2yVDKqB2gIiVnccv4TSUtt5NmQcasrk=",
        "owner": "BirdeeHub",
        "repo": "nixCats-nvim",
        "rev": "83264cfaf7d7438c52db28a95934d87ae45faaae",
        "type": "github"
      },
      "original": {
        "owner": "BirdeeHub",
        "repo": "nixCats-nvim",
        "type": "github"
      }
    },
    "nixpkgs": {
      "locked": {
        "lastModified": 1741006840,
        "narHash": "sha256-/PLl/bBq+fdNR0mLFeIdEgh0O4URobH0R9+InbpdGhU=",
        "owner": "nixos",
        "repo": "nixpkgs",
        "rev": "95eacfb6d1accf8d59a9e570d26d04ad693d2ec3",
        "type": "github"
      },
      "original": {
        "owner": "nixos",
        "ref": "nixpkgs-unstable",
        "repo": "nixpkgs",
        "type": "github"
      }
    },
    "root": {
      "inputs": {
        "incline-nvim": "incline-nvim",
        "nixCats": "nixCats",
        "nixpkgs": "nixpkgs"
      }
    }
  },
  "root": "root",
  "version": 7
}
